
Microsoft Visual Studio Solution File, Format Version 12.00
# Visual Studio 14
VisualStudioVersion = 14.0.25420.1
MinimumVisualStudioVersion = 10.0.40219.1
Project("{FAE04EC0-301F-11D3-BF4B-00C04F79EFBC}") = "Adv_c_1", "Adv_c_1\Adv_c_1.csproj", "{35D06284-A025-47F4-9A3E-4F9CF796E909}"
EndProject
Project("{FAE04EC0-301F-11D3-BF4B-00C04F79EFBC}") = "Adv_c_2", "Adv_c_2\Adv_c_2.csproj", "{2F66346D-E5DA-4E56-AD0B-8DA3415102E9}"
EndProject
Project("{FAE04EC0-301F-11D3-BF4B-00C04F79EFBC}") = "Adv_c_3", "Adv_c_3\Adv_c_3.csproj", "{991FA455-0EDA-474B-BF23-0157D0DDF057}"
EndProject
Project("{FAE04EC0-301F-11D3-BF4B-00C04F79EFBC}") = "Bcl1", "Bcl1\Bcl1.csproj", "{0EBAB489-3504-42B6-A3F7-037F26642A7B}"
EndProject
Project("{FAE04EC0-301F-11D3-BF4B-00C04F79EFBC}") = "Bcl2", "Bcl2\Bcl2.csproj", "{EA476850-278A-411C-9E7A-7BA2EF05CBF1}"
EndProject
Project("{FAE04EC0-301F-11D3-BF4B-00C04F79EFBC}") = "Bcl3", "Bcl3\Bcl3.csproj", "{33949F21-9E1B-47C5-94FA-0A05E98FA953}"
EndProject
Project("{FAE04EC0-301F-11D3-BF4B-00C04F79EFBC}") = "Bcl4", "Bcl4\Bcl4.csproj", "{D37F3CF2-A488-4706-AF15-397998BB546E}"
EndProject
Project("{FAE04EC0-301F-11D3-BF4B-00C04F79EFBC}") = "Eh1", "Eh1\Eh1.csproj", "{7A5DC960-AA53-425D-8AD2-6D3CF8AA4260}"
EndProject
Global
	GlobalSection(SolutionConfigurationPlatforms) = preSolution
		Debug|Any CPU = Debug|Any CPU
		Release|Any CPU = Release|Any CPU
	EndGlobalSection
	GlobalSection(ProjectConfigurationPlatforms) = postSolution
		{35D06284-A025-47F4-9A3E-4F9CF796E909}.Debug|Any CPU.ActiveCfg = Debug|Any CPU
		{35D06284-A025-47F4-9A3E-4F9CF796E909}.Debug|Any CPU.Build.0 = Debug|Any CPU
		{35D06284-A025-47F4-9A3E-4F9CF796E909}.Release|Any CPU.ActiveCfg = Release|Any CPU
		{35D06284-A025-47F4-9A3E-4F9CF796E909}.Release|Any CPU.Build.0 = Release|Any CPU
		{2F66346D-E5DA-4E56-AD0B-8DA3415102E9}.Debug|Any CPU.ActiveCfg = Debug|Any CPU
		{2F66346D-E5DA-4E56-AD0B-8DA3415102E9}.Debug|Any CPU.Build.0 = Debug|Any CPU
		{2F66346D-E5DA-4E56-AD0B-8DA3415102E9}.Release|Any CPU.ActiveCfg = Release|Any CPU
		{2F66346D-E5DA-4E56-AD0B-8DA3415102E9}.Release|Any CPU.Build.0 = Release|Any CPU
		{991FA455-0EDA-474B-BF23-0157D0DDF057}.Debug|Any CPU.ActiveCfg = Debug|Any CPU
		{991FA455-0EDA-474B-BF23-0157D0DDF057}.Debug|Any CPU.Build.0 = Debug|Any CPU
		{991FA455-0EDA-474B-BF23-0157D0DDF057}.Release|Any CPU.ActiveCfg = Release|Any CPU
		{991FA455-0EDA-474B-BF23-0157D0DDF057}.Release|Any CPU.Build.0 = Release|Any CPU
		{0EBAB489-3504-42B6-A3F7-037F26642A7B}.Debug|Any CPU.ActiveCfg = Debug|Any CPU
		{0EBAB489-3504-42B6-A3F7-037F26642A7B}.Debug|Any CPU.Build.0 = Debug|Any CPU
		{0EBAB489-3504-42B6-A3F7-037F26642A7B}.Release|Any CPU.ActiveCfg = Release|Any CPU
		{0EBAB489-3504-42B6-A3F7-037F26642A7B}.Release|Any CPU.Build.0 = Release|Any CPU
		{EA476850-278A-411C-9E7A-7BA2EF05CBF1}.Debug|Any CPU.ActiveCfg = Debug|Any CPU
		{EA476850-278A-411C-9E7A-7BA2EF05CBF1}.Debug|Any CPU.Build.0 = Debug|Any CPU
		{EA476850-278A-411C-9E7A-7BA2EF05CBF1}.Release|Any CPU.ActiveCfg = Release|Any CPU
		{EA476850-278A-411C-9E7A-7BA2EF05CBF1}.Release|Any CPU.Build.0 = Release|Any CPU
		{33949F21-9E1B-47C5-94FA-0A05E98FA953}.Debug|Any CPU.ActiveCfg = Debug|Any CPU
		{33949F21-9E1B-47C5-94FA-0A05E98FA953}.Debug|Any CPU.Build.0 = Debug|Any CPU
		{33949F21-9E1B-47C5-94FA-0A05E98FA953}.Release|Any CPU.ActiveCfg = Release|Any CPU
		{33949F21-9E1B-47C5-94FA-0A05E98FA953}.Release|Any CPU.Build.0 = Release|Any CPU
		{D37F3CF2-A488-4706-AF15-397998BB546E}.Debug|Any CPU.ActiveCfg = Debug|Any CPU
		{D37F3CF2-A488-4706-AF15-397998BB546E}.Debug|Any CPU.Build.0 = Debug|Any CPU
		{D37F3CF2-A488-4706-AF15-397998BB546E}.Release|Any CPU.ActiveCfg = Release|Any CPU
		{D37F3CF2-A488-4706-AF15-397998BB546E}.Release|Any CPU.Build.0 = Release|Any CPU
		{7A5DC960-AA53-425D-8AD2-6D3CF8AA4260}.Debug|Any CPU.ActiveCfg = Debug|Any CPU
		{7A5DC960-AA53-425D-8AD2-6D3CF8AA4260}.Debug|Any CPU.Build.0 = Debug|Any CPU
		{7A5DC960-AA53-425D-8AD2-6D3CF8AA4260}.Release|Any CPU.ActiveCfg = Release|Any CPU
		{7A5DC960-AA53-425D-8AD2-6D3CF8AA4260}.Release|Any CPU.Build.0 = Release|Any CPU
	EndGlobalSection
	GlobalSection(SolutionProperties) = preSolution
		HideSolutionNode = FALSE
	EndGlobalSection
EndGlobal
